
Microsoft Visual Studio Solution File, Format Version 12.00
# Visual Studio 15
VisualStudioVersion = 15.0.28307.271
MinimumVisualStudioVersion = 10.0.40219.1
Project("{FAE04EC0-301F-11D3-BF4B-00C04F79EFBC}") = "Softech", "Softech\Softech.csproj", "{EECFAC52-E35F-4108-8C66-67C8287215FC}"
EndProject
Project("{FAE04EC0-301F-11D3-BF4B-00C04F79EFBC}") = "Softech.Tests", "Softech.Tests\Softech.Tests.csproj", "{0ECD3746-D112-46C3-A8AD-013FB01862B4}"
EndProject
Global
	GlobalSection(SolutionConfigurationPlatforms) = preSolution
		Debug|Any CPU = Debug|Any CPU
		Release|Any CPU = Release|Any CPU
	EndGlobalSection
	GlobalSection(ProjectConfigurationPlatforms) = postSolution
		{EECFAC52-E35F-4108-8C66-67C8287215FC}.Debug|Any CPU.ActiveCfg = Debug|Any CPU
		{EECFAC52-E35F-4108-8C66-67C8287215FC}.Debug|Any CPU.Build.0 = Debug|Any CPU
		{EECFAC52-E35F-4108-8C66-67C8287215FC}.Release|Any CPU.ActiveCfg = Release|Any CPU
		{EECFAC52-E35F-4108-8C66-67C8287215FC}.Release|Any CPU.Build.0 = Release|Any CPU
		{0ECD3746-D112-46C3-A8AD-013FB01862B4}.Debug|Any CPU.ActiveCfg = Debug|Any CPU
		{0ECD3746-D112-46C3-A8AD-013FB01862B4}.Debug|Any CPU.Build.0 = Debug|Any CPU
		{0ECD3746-D112-46C3-A8AD-013FB01862B4}.Release|Any CPU.ActiveCfg = Release|Any CPU
		{0ECD3746-D112-46C3-A8AD-013FB01862B4}.Release|Any CPU.Build.0 = Release|Any CPU
	EndGlobalSection
	GlobalSection(SolutionProperties) = preSolution
		HideSolutionNode = FALSE
	EndGlobalSection
	GlobalSection(ExtensibilityGlobals) = postSolution
		SolutionGuid = {58070AF5-6139-44F2-B351-691746142DBD}
	EndGlobalSection
EndGlobal
